
Microsoft Visual Studio Solution File, Format Version 12.00
# Visual Studio 15
VisualStudioVersion = 15.0.28307.271
MinimumVisualStudioVersion = 10.0.40219.1
Project("{FAE04EC0-301F-11D3-BF4B-00C04F79EFBC}") = "OdeToFoodWithAuthentication", "OdeToFoodWithAuthentication\OdeToFoodWithAuthentication.csproj", "{63634FC4-0258-44E6-A373-C5DF61FF58B3}"
EndProject
Project("{FAE04EC0-301F-11D3-BF4B-00C04F79EFBC}") = "OdeToFoodWithAuthentication.Tests", "OdeToFoodWithAuthentication.Tests\OdeToFoodWithAuthentication.Tests.csproj", "{10652095-0BBD-45CA-B6EF-BC206216391B}"
EndProject
Global
	GlobalSection(SolutionConfigurationPlatforms) = preSolution
		Debug|Any CPU = Debug|Any CPU
		Release|Any CPU = Release|Any CPU
	EndGlobalSection
	GlobalSection(ProjectConfigurationPlatforms) = postSolution
		{63634FC4-0258-44E6-A373-C5DF61FF58B3}.Debug|Any CPU.ActiveCfg = Debug|Any CPU
		{63634FC4-0258-44E6-A373-C5DF61FF58B3}.Debug|Any CPU.Build.0 = Debug|Any CPU
		{63634FC4-0258-44E6-A373-C5DF61FF58B3}.Release|Any CPU.ActiveCfg = Release|Any CPU
		{63634FC4-0258-44E6-A373-C5DF61FF58B3}.Release|Any CPU.Build.0 = Release|Any CPU
		{10652095-0BBD-45CA-B6EF-BC206216391B}.Debug|Any CPU.ActiveCfg = Debug|Any CPU
		{10652095-0BBD-45CA-B6EF-BC206216391B}.Debug|Any CPU.Build.0 = Debug|Any CPU
		{10652095-0BBD-45CA-B6EF-BC206216391B}.Release|Any CPU.ActiveCfg = Release|Any CPU
		{10652095-0BBD-45CA-B6EF-BC206216391B}.Release|Any CPU.Build.0 = Release|Any CPU
	EndGlobalSection
	GlobalSection(SolutionProperties) = preSolution
		HideSolutionNode = FALSE
	EndGlobalSection
	GlobalSection(ExtensibilityGlobals) = postSolution
		SolutionGuid = {C8248839-F108-4F18-B0D9-FCA08AE6796D}
	EndGlobalSection
EndGlobal
